
Microsoft Visual Studio Solution File, Format Version 11.00
# Visual Studio 2010
Project("{FAE04EC0-301F-11D3-BF4B-00C04F79EFBC}") = "stdc", "stdc\stdc.csproj", "{74C59C0F-24C7-4FF6-B68D-FA175A604B1B}"
EndProject
Project("{FAE04EC0-301F-11D3-BF4B-00C04F79EFBC}") = "stdc.Tests", "stdc.Tests\stdc.Tests.csproj", "{7961B99A-37D3-434C-9301-DBCA77E13A1A}"
EndProject
Global
	GlobalSection(SolutionConfigurationPlatforms) = preSolution
		Debug|Any CPU = Debug|Any CPU
		Release|Any CPU = Release|Any CPU
	EndGlobalSection
	GlobalSection(ProjectConfigurationPlatforms) = postSolution
		{74C59C0F-24C7-4FF6-B68D-FA175A604B1B}.Debug|Any CPU.ActiveCfg = Debug|Any CPU
		{74C59C0F-24C7-4FF6-B68D-FA175A604B1B}.Debug|Any CPU.Build.0 = Debug|Any CPU
		{74C59C0F-24C7-4FF6-B68D-FA175A604B1B}.Release|Any CPU.ActiveCfg = Release|Any CPU
		{74C59C0F-24C7-4FF6-B68D-FA175A604B1B}.Release|Any CPU.Build.0 = Release|Any CPU
		{7961B99A-37D3-434C-9301-DBCA77E13A1A}.Debug|Any CPU.ActiveCfg = Debug|Any CPU
		{7961B99A-37D3-434C-9301-DBCA77E13A1A}.Debug|Any CPU.Build.0 = Debug|Any CPU
		{7961B99A-37D3-434C-9301-DBCA77E13A1A}.Release|Any CPU.ActiveCfg = Release|Any CPU
		{7961B99A-37D3-434C-9301-DBCA77E13A1A}.Release|Any CPU.Build.0 = Release|Any CPU
	EndGlobalSection
	GlobalSection(SolutionProperties) = preSolution
		HideSolutionNode = FALSE
	EndGlobalSection
EndGlobal
