
Microsoft Visual Studio Solution File, Format Version 12.00
# Visual Studio 15
VisualStudioVersion = 15.0.26124.0
MinimumVisualStudioVersion = 15.0.26124.0
Project("{FAE04EC0-301F-11D3-BF4B-00C04F79EFBC}") = "stdc", "stdc\stdc.csproj", "{3BE933DD-C805-4655-B52D-6623CB8323B7}"
EndProject
Project("{FAE04EC0-301F-11D3-BF4B-00C04F79EFBC}") = "stdc.Tests", "stdc.Tests\stdc.Tests.csproj", "{BFBAB9D6-B421-4806-B940-8F8647728437}"
EndProject
Project("{FAE04EC0-301F-11D3-BF4B-00C04F79EFBC}") = "examples", "examples\examples.csproj", "{8BFE8468-AB99-4F92-AB87-7E28BE6F54AF}"
EndProject
Project("{FAE04EC0-301F-11D3-BF4B-00C04F79EFBC}") = "Csharpenizer", "Csharpenizer\Csharpenizer.csproj", "{F67F554B-613A-4F2C-A906-C12D391398A4}"
EndProject
Global
	GlobalSection(SolutionConfigurationPlatforms) = preSolution
		Debug|Any CPU = Debug|Any CPU
		Debug|x64 = Debug|x64
		Debug|x86 = Debug|x86
		Release|Any CPU = Release|Any CPU
		Release|x64 = Release|x64
		Release|x86 = Release|x86
	EndGlobalSection
	GlobalSection(SolutionProperties) = preSolution
		HideSolutionNode = FALSE
	EndGlobalSection
	GlobalSection(ProjectConfigurationPlatforms) = postSolution
		{3BE933DD-C805-4655-B52D-6623CB8323B7}.Debug|Any CPU.ActiveCfg = Debug|Any CPU
		{3BE933DD-C805-4655-B52D-6623CB8323B7}.Debug|Any CPU.Build.0 = Debug|Any CPU
		{3BE933DD-C805-4655-B52D-6623CB8323B7}.Debug|x64.ActiveCfg = Debug|Any CPU
		{3BE933DD-C805-4655-B52D-6623CB8323B7}.Debug|x64.Build.0 = Debug|Any CPU
		{3BE933DD-C805-4655-B52D-6623CB8323B7}.Debug|x86.ActiveCfg = Debug|Any CPU
		{3BE933DD-C805-4655-B52D-6623CB8323B7}.Debug|x86.Build.0 = Debug|Any CPU
		{3BE933DD-C805-4655-B52D-6623CB8323B7}.Release|Any CPU.ActiveCfg = Release|Any CPU
		{3BE933DD-C805-4655-B52D-6623CB8323B7}.Release|Any CPU.Build.0 = Release|Any CPU
		{3BE933DD-C805-4655-B52D-6623CB8323B7}.Release|x64.ActiveCfg = Release|Any CPU
		{3BE933DD-C805-4655-B52D-6623CB8323B7}.Release|x64.Build.0 = Release|Any CPU
		{3BE933DD-C805-4655-B52D-6623CB8323B7}.Release|x86.ActiveCfg = Release|Any CPU
		{3BE933DD-C805-4655-B52D-6623CB8323B7}.Release|x86.Build.0 = Release|Any CPU
		{BFBAB9D6-B421-4806-B940-8F8647728437}.Debug|Any CPU.ActiveCfg = Debug|Any CPU
		{BFBAB9D6-B421-4806-B940-8F8647728437}.Debug|Any CPU.Build.0 = Debug|Any CPU
		{BFBAB9D6-B421-4806-B940-8F8647728437}.Debug|x64.ActiveCfg = Debug|Any CPU
		{BFBAB9D6-B421-4806-B940-8F8647728437}.Debug|x64.Build.0 = Debug|Any CPU
		{BFBAB9D6-B421-4806-B940-8F8647728437}.Debug|x86.ActiveCfg = Debug|Any CPU
		{BFBAB9D6-B421-4806-B940-8F8647728437}.Debug|x86.Build.0 = Debug|Any CPU
		{BFBAB9D6-B421-4806-B940-8F8647728437}.Release|Any CPU.ActiveCfg = Release|Any CPU
		{BFBAB9D6-B421-4806-B940-8F8647728437}.Release|Any CPU.Build.0 = Release|Any CPU
		{BFBAB9D6-B421-4806-B940-8F8647728437}.Release|x64.ActiveCfg = Release|Any CPU
		{BFBAB9D6-B421-4806-B940-8F8647728437}.Release|x64.Build.0 = Release|Any CPU
		{BFBAB9D6-B421-4806-B940-8F8647728437}.Release|x86.ActiveCfg = Release|Any CPU
		{BFBAB9D6-B421-4806-B940-8F8647728437}.Release|x86.Build.0 = Release|Any CPU
		{8BFE8468-AB99-4F92-AB87-7E28BE6F54AF}.Debug|Any CPU.ActiveCfg = Debug|Any CPU
		{8BFE8468-AB99-4F92-AB87-7E28BE6F54AF}.Debug|Any CPU.Build.0 = Debug|Any CPU
		{8BFE8468-AB99-4F92-AB87-7E28BE6F54AF}.Debug|x64.ActiveCfg = Debug|Any CPU
		{8BFE8468-AB99-4F92-AB87-7E28BE6F54AF}.Debug|x64.Build.0 = Debug|Any CPU
		{8BFE8468-AB99-4F92-AB87-7E28BE6F54AF}.Debug|x86.ActiveCfg = Debug|Any CPU
		{8BFE8468-AB99-4F92-AB87-7E28BE6F54AF}.Debug|x86.Build.0 = Debug|Any CPU
		{8BFE8468-AB99-4F92-AB87-7E28BE6F54AF}.Release|Any CPU.ActiveCfg = Release|Any CPU
		{8BFE8468-AB99-4F92-AB87-7E28BE6F54AF}.Release|Any CPU.Build.0 = Release|Any CPU
		{8BFE8468-AB99-4F92-AB87-7E28BE6F54AF}.Release|x64.ActiveCfg = Release|Any CPU
		{8BFE8468-AB99-4F92-AB87-7E28BE6F54AF}.Release|x64.Build.0 = Release|Any CPU
		{8BFE8468-AB99-4F92-AB87-7E28BE6F54AF}.Release|x86.ActiveCfg = Release|Any CPU
		{8BFE8468-AB99-4F92-AB87-7E28BE6F54AF}.Release|x86.Build.0 = Release|Any CPU
		{F67F554B-613A-4F2C-A906-C12D391398A4}.Debug|Any CPU.ActiveCfg = Debug|Any CPU
		{F67F554B-613A-4F2C-A906-C12D391398A4}.Debug|Any CPU.Build.0 = Debug|Any CPU
		{F67F554B-613A-4F2C-A906-C12D391398A4}.Debug|x64.ActiveCfg = Debug|Any CPU
		{F67F554B-613A-4F2C-A906-C12D391398A4}.Debug|x64.Build.0 = Debug|Any CPU
		{F67F554B-613A-4F2C-A906-C12D391398A4}.Debug|x86.ActiveCfg = Debug|Any CPU
		{F67F554B-613A-4F2C-A906-C12D391398A4}.Debug|x86.Build.0 = Debug|Any CPU
		{F67F554B-613A-4F2C-A906-C12D391398A4}.Release|Any CPU.ActiveCfg = Release|Any CPU
		{F67F554B-613A-4F2C-A906-C12D391398A4}.Release|Any CPU.Build.0 = Release|Any CPU
		{F67F554B-613A-4F2C-A906-C12D391398A4}.Release|x64.ActiveCfg = Release|Any CPU
		{F67F554B-613A-4F2C-A906-C12D391398A4}.Release|x64.Build.0 = Release|Any CPU
		{F67F554B-613A-4F2C-A906-C12D391398A4}.Release|x86.ActiveCfg = Release|Any CPU
		{F67F554B-613A-4F2C-A906-C12D391398A4}.Release|x86.Build.0 = Release|Any CPU
	EndGlobalSection
EndGlobal
