
Microsoft Visual Studio Solution File, Format Version 11.00
# Visual Studio 2010
Project("{FAE04EC0-301F-11D3-BF4B-00C04F79EFBC}") = "stdc", "stdc\stdc.csproj", "{74C59C0F-24C7-4FF6-B68D-FA175A604B1B}"
EndProject
Project("{FAE04EC0-301F-11D3-BF4B-00C04F79EFBC}") = "stdc.Tests", "stdc.Tests\stdc.Tests.csproj", "{7961B99A-37D3-434C-9301-DBCA77E13A1A}"
EndProject
Project("{2150E333-8FDC-42A3-9474-1A3956D46DE8}") = "examples", "examples", "{755196E6-83F8-4099-9221-B176BC5FC6F9}"
EndProject
Project("{FAE04EC0-301F-11D3-BF4B-00C04F79EFBC}") = "examples", "examples\examples\examples.csproj", "{4EDBD705-5860-466E-8FB4-257B99E1BF7A}"
EndProject
Project("{FAE04EC0-301F-11D3-BF4B-00C04F79EFBC}") = "Csharpenizer", "Csharpenizer\Csharpenizer.csproj", "{72C8309E-85E2-4C8C-BEEA-B5E4583E12F5}"
EndProject
Project("{8BC9CEB8-8B4A-11D0-8D11-00A0C91BC942}") = "ctest", "ctest\ctest.vcxproj", "{4492194E-7BC0-43F2-964E-F621F4D62597}"
EndProject
Global
	GlobalSection(SolutionConfigurationPlatforms) = preSolution
		Debug|Any CPU = Debug|Any CPU
		Debug|Mixed Platforms = Debug|Mixed Platforms
		Debug|Win32 = Debug|Win32
		Debug|x86 = Debug|x86
		Release|Any CPU = Release|Any CPU
		Release|Mixed Platforms = Release|Mixed Platforms
		Release|Win32 = Release|Win32
		Release|x86 = Release|x86
	EndGlobalSection
	GlobalSection(ProjectConfigurationPlatforms) = postSolution
		{74C59C0F-24C7-4FF6-B68D-FA175A604B1B}.Debug|Any CPU.ActiveCfg = Debug|Any CPU
		{74C59C0F-24C7-4FF6-B68D-FA175A604B1B}.Debug|Any CPU.Build.0 = Debug|Any CPU
		{74C59C0F-24C7-4FF6-B68D-FA175A604B1B}.Debug|Mixed Platforms.ActiveCfg = Debug|Any CPU
		{74C59C0F-24C7-4FF6-B68D-FA175A604B1B}.Debug|Mixed Platforms.Build.0 = Debug|Any CPU
		{74C59C0F-24C7-4FF6-B68D-FA175A604B1B}.Debug|Win32.ActiveCfg = Debug|Any CPU
		{74C59C0F-24C7-4FF6-B68D-FA175A604B1B}.Debug|x86.ActiveCfg = Debug|Any CPU
		{74C59C0F-24C7-4FF6-B68D-FA175A604B1B}.Release|Any CPU.ActiveCfg = Release|Any CPU
		{74C59C0F-24C7-4FF6-B68D-FA175A604B1B}.Release|Any CPU.Build.0 = Release|Any CPU
		{74C59C0F-24C7-4FF6-B68D-FA175A604B1B}.Release|Mixed Platforms.ActiveCfg = Release|Any CPU
		{74C59C0F-24C7-4FF6-B68D-FA175A604B1B}.Release|Mixed Platforms.Build.0 = Release|Any CPU
		{74C59C0F-24C7-4FF6-B68D-FA175A604B1B}.Release|Win32.ActiveCfg = Release|Any CPU
		{74C59C0F-24C7-4FF6-B68D-FA175A604B1B}.Release|x86.ActiveCfg = Release|Any CPU
		{7961B99A-37D3-434C-9301-DBCA77E13A1A}.Debug|Any CPU.ActiveCfg = Debug|Any CPU
		{7961B99A-37D3-434C-9301-DBCA77E13A1A}.Debug|Any CPU.Build.0 = Debug|Any CPU
		{7961B99A-37D3-434C-9301-DBCA77E13A1A}.Debug|Mixed Platforms.ActiveCfg = Debug|Any CPU
		{7961B99A-37D3-434C-9301-DBCA77E13A1A}.Debug|Mixed Platforms.Build.0 = Debug|Any CPU
		{7961B99A-37D3-434C-9301-DBCA77E13A1A}.Debug|Win32.ActiveCfg = Debug|Any CPU
		{7961B99A-37D3-434C-9301-DBCA77E13A1A}.Debug|x86.ActiveCfg = Debug|Any CPU
		{7961B99A-37D3-434C-9301-DBCA77E13A1A}.Release|Any CPU.ActiveCfg = Release|Any CPU
		{7961B99A-37D3-434C-9301-DBCA77E13A1A}.Release|Any CPU.Build.0 = Release|Any CPU
		{7961B99A-37D3-434C-9301-DBCA77E13A1A}.Release|Mixed Platforms.ActiveCfg = Release|Any CPU
		{7961B99A-37D3-434C-9301-DBCA77E13A1A}.Release|Mixed Platforms.Build.0 = Release|Any CPU
		{7961B99A-37D3-434C-9301-DBCA77E13A1A}.Release|Win32.ActiveCfg = Release|Any CPU
		{7961B99A-37D3-434C-9301-DBCA77E13A1A}.Release|x86.ActiveCfg = Release|Any CPU
		{4EDBD705-5860-466E-8FB4-257B99E1BF7A}.Debug|Any CPU.ActiveCfg = Debug|x86
		{4EDBD705-5860-466E-8FB4-257B99E1BF7A}.Debug|Mixed Platforms.ActiveCfg = Debug|x86
		{4EDBD705-5860-466E-8FB4-257B99E1BF7A}.Debug|Mixed Platforms.Build.0 = Debug|x86
		{4EDBD705-5860-466E-8FB4-257B99E1BF7A}.Debug|Win32.ActiveCfg = Debug|x86
		{4EDBD705-5860-466E-8FB4-257B99E1BF7A}.Debug|x86.ActiveCfg = Debug|x86
		{4EDBD705-5860-466E-8FB4-257B99E1BF7A}.Debug|x86.Build.0 = Debug|x86
		{4EDBD705-5860-466E-8FB4-257B99E1BF7A}.Release|Any CPU.ActiveCfg = Release|x86
		{4EDBD705-5860-466E-8FB4-257B99E1BF7A}.Release|Mixed Platforms.ActiveCfg = Release|x86
		{4EDBD705-5860-466E-8FB4-257B99E1BF7A}.Release|Mixed Platforms.Build.0 = Release|x86
		{4EDBD705-5860-466E-8FB4-257B99E1BF7A}.Release|Win32.ActiveCfg = Release|x86
		{4EDBD705-5860-466E-8FB4-257B99E1BF7A}.Release|x86.ActiveCfg = Release|x86
		{4EDBD705-5860-466E-8FB4-257B99E1BF7A}.Release|x86.Build.0 = Release|x86
		{72C8309E-85E2-4C8C-BEEA-B5E4583E12F5}.Debug|Any CPU.ActiveCfg = Debug|x86
		{72C8309E-85E2-4C8C-BEEA-B5E4583E12F5}.Debug|Mixed Platforms.ActiveCfg = Debug|x86
		{72C8309E-85E2-4C8C-BEEA-B5E4583E12F5}.Debug|Mixed Platforms.Build.0 = Debug|x86
		{72C8309E-85E2-4C8C-BEEA-B5E4583E12F5}.Debug|Win32.ActiveCfg = Debug|x86
		{72C8309E-85E2-4C8C-BEEA-B5E4583E12F5}.Debug|x86.ActiveCfg = Debug|x86
		{72C8309E-85E2-4C8C-BEEA-B5E4583E12F5}.Debug|x86.Build.0 = Debug|x86
		{72C8309E-85E2-4C8C-BEEA-B5E4583E12F5}.Release|Any CPU.ActiveCfg = Release|x86
		{72C8309E-85E2-4C8C-BEEA-B5E4583E12F5}.Release|Mixed Platforms.ActiveCfg = Release|x86
		{72C8309E-85E2-4C8C-BEEA-B5E4583E12F5}.Release|Mixed Platforms.Build.0 = Release|x86
		{72C8309E-85E2-4C8C-BEEA-B5E4583E12F5}.Release|Win32.ActiveCfg = Release|x86
		{72C8309E-85E2-4C8C-BEEA-B5E4583E12F5}.Release|x86.ActiveCfg = Release|x86
		{72C8309E-85E2-4C8C-BEEA-B5E4583E12F5}.Release|x86.Build.0 = Release|x86
		{4492194E-7BC0-43F2-964E-F621F4D62597}.Debug|Any CPU.ActiveCfg = Debug|Win32
		{4492194E-7BC0-43F2-964E-F621F4D62597}.Debug|Mixed Platforms.ActiveCfg = Debug|Win32
		{4492194E-7BC0-43F2-964E-F621F4D62597}.Debug|Mixed Platforms.Build.0 = Debug|Win32
		{4492194E-7BC0-43F2-964E-F621F4D62597}.Debug|Win32.ActiveCfg = Debug|Win32
		{4492194E-7BC0-43F2-964E-F621F4D62597}.Debug|Win32.Build.0 = Debug|Win32
		{4492194E-7BC0-43F2-964E-F621F4D62597}.Debug|x86.ActiveCfg = Debug|Win32
		{4492194E-7BC0-43F2-964E-F621F4D62597}.Release|Any CPU.ActiveCfg = Release|Win32
		{4492194E-7BC0-43F2-964E-F621F4D62597}.Release|Mixed Platforms.ActiveCfg = Release|Win32
		{4492194E-7BC0-43F2-964E-F621F4D62597}.Release|Mixed Platforms.Build.0 = Release|Win32
		{4492194E-7BC0-43F2-964E-F621F4D62597}.Release|Win32.ActiveCfg = Release|Win32
		{4492194E-7BC0-43F2-964E-F621F4D62597}.Release|Win32.Build.0 = Release|Win32
		{4492194E-7BC0-43F2-964E-F621F4D62597}.Release|x86.ActiveCfg = Release|Win32
	EndGlobalSection
	GlobalSection(SolutionProperties) = preSolution
		HideSolutionNode = FALSE
	EndGlobalSection
	GlobalSection(NestedProjects) = preSolution
		{4EDBD705-5860-466E-8FB4-257B99E1BF7A} = {755196E6-83F8-4099-9221-B176BC5FC6F9}
	EndGlobalSection
EndGlobal
